
Microsoft Visual Studio Solution File, Format Version 12.00
# Visual Studio Version 16
VisualStudioVersion = 16.0.28809.33
MinimumVisualStudioVersion = 10.0.40219.1
Project("{778DAE3C-4631-46EA-AA77-85C1314464D9}") = "3.1.Comparar", "Estructuras_Control_Flujo\3.1.Comparar.vbproj", "{24863138-2DEB-407E-A5EB-00139D84E3A2}"
EndProject
Project("{778DAE3C-4631-46EA-AA77-85C1314464D9}") = "3.2.Menor", "3.2.Menor\3.2.Menor.vbproj", "{81C761DE-70B9-49E8-B22E-70B76226A4F3}"
EndProject
Project("{778DAE3C-4631-46EA-AA77-85C1314464D9}") = "3.3.Tercero", "3.3.Tercero\3.3.Tercero.vbproj", "{B60E305E-F474-43CA-A2BF-298E586C29C5}"
EndProject
Project("{778DAE3C-4631-46EA-AA77-85C1314464D9}") = "3.5.NombreMes", "3.5.NombreMes\3.5.NombreMes.vbproj", "{9609C908-7428-4345-B0B6-4BC7A09D1D34}"
EndProject
Project("{778DAE3C-4631-46EA-AA77-85C1314464D9}") = "3.4.Venta", "3.4.Venta\3.4.Venta.vbproj", "{3B3683FA-8DC0-4ADB-BEF4-B752070E84F2}"
EndProject
Project("{778DAE3C-4631-46EA-AA77-85C1314464D9}") = "3.6.Venta2.0", "3.6.Venta2.0\3.6.Venta2.0.vbproj", "{97724670-7A7C-470F-BDA4-EAA9DCC7AB71}"
EndProject
Project("{778DAE3C-4631-46EA-AA77-85C1314464D9}") = "3.7.Angulo", "3.7.Angulo\3.7.Angulo.vbproj", "{0735217E-5A68-424F-864F-301588A9CC5F}"
EndProject
Project("{778DAE3C-4631-46EA-AA77-85C1314464D9}") = "3.8.DiaMes", "3.8.DiaMes\3.8.DiaMes.vbproj", "{34F1E231-CC1D-497B-B853-30AC8681E958}"
EndProject
Project("{778DAE3C-4631-46EA-AA77-85C1314464D9}") = "3.9.ConversionMedidas", "ConversionMedidas\3.9.ConversionMedidas.vbproj", "{A9188CF1-1E48-4EA5-875E-11C312A1E16B}"
EndProject
Project("{778DAE3C-4631-46EA-AA77-85C1314464D9}") = "3.10.MultiplosCinco", "3.10.MultiplosCinco\3.10.MultiplosCinco.vbproj", "{5D3AD14B-E853-4FE9-91EB-59971190C378}"
EndProject
Project("{778DAE3C-4631-46EA-AA77-85C1314464D9}") = "3.11.ParesImpares", "3.11.ParesImpares\3.11.ParesImpares.vbproj", "{7CB71051-03E5-41C0-98A1-9F7384F58D2E}"
EndProject
Project("{778DAE3C-4631-46EA-AA77-85C1314464D9}") = "3.12.Fibonacci", "3.12.Fibonacci\3.12.Fibonacci.vbproj", "{9B4532D1-5439-4772-8764-85F34F97F41A}"
EndProject
Project("{778DAE3C-4631-46EA-AA77-85C1314464D9}") = "3.13.Primos", "3.13.Primos\3.13.Primos.vbproj", "{3D7E1EE7-22A5-4D9D-9F07-4193588098EA}"
EndProject
Project("{778DAE3C-4631-46EA-AA77-85C1314464D9}") = "3.14.Descuento", "3.14.Descuento\3.14.Descuento.vbproj", "{8A6D93B3-7405-432D-8C2E-5EC0D77F567C}"
EndProject
Project("{778DAE3C-4631-46EA-AA77-85C1314464D9}") = "3.15.Deposito", "3.15.Deposito\3.15.Deposito.vbproj", "{3E02241E-0D4E-49F3-98FC-1434C620CD7A}"
EndProject
Project("{F184B08F-C81C-45F6-A57F-5ABD9991F28F}") = "3.16.Operaciones", "3.16.Operaciones\3.16.Operaciones.vbproj", "{66673125-41A3-4E24-BA1C-836A31610654}"
EndProject
Project("{F184B08F-C81C-45F6-A57F-5ABD9991F28F}") = "3.17.Operaciones2", "3.17.Operaciones2\3.17.Operaciones2.vbproj", "{EE7C1170-FE89-4636-A4D1-F2162EE8DDA7}"
EndProject
Project("{F184B08F-C81C-45F6-A57F-5ABD9991F28F}") = "3.18.Ejercicio2.3", "3.18.Ejercicio2.3\3.18.Ejercicio2.3.vbproj", "{519C5774-CBCE-47A9-834E-C453331C482A}"
EndProject
Project("{F184B08F-C81C-45F6-A57F-5ABD9991F28F}") = "3.19.Ejercicio2_4", "3.19.Ejercicio2_4\3.19.Ejercicio2_4.vbproj", "{22B4159E-227F-4FFE-B5ED-8132D54D5C49}"
EndProject
Global
	GlobalSection(SolutionConfigurationPlatforms) = preSolution
		Debug|Any CPU = Debug|Any CPU
		Release|Any CPU = Release|Any CPU
	EndGlobalSection
	GlobalSection(ProjectConfigurationPlatforms) = postSolution
		{24863138-2DEB-407E-A5EB-00139D84E3A2}.Debug|Any CPU.ActiveCfg = Debug|Any CPU
		{24863138-2DEB-407E-A5EB-00139D84E3A2}.Debug|Any CPU.Build.0 = Debug|Any CPU
		{24863138-2DEB-407E-A5EB-00139D84E3A2}.Release|Any CPU.ActiveCfg = Release|Any CPU
		{24863138-2DEB-407E-A5EB-00139D84E3A2}.Release|Any CPU.Build.0 = Release|Any CPU
		{81C761DE-70B9-49E8-B22E-70B76226A4F3}.Debug|Any CPU.ActiveCfg = Debug|Any CPU
		{81C761DE-70B9-49E8-B22E-70B76226A4F3}.Debug|Any CPU.Build.0 = Debug|Any CPU
		{81C761DE-70B9-49E8-B22E-70B76226A4F3}.Release|Any CPU.ActiveCfg = Release|Any CPU
		{81C761DE-70B9-49E8-B22E-70B76226A4F3}.Release|Any CPU.Build.0 = Release|Any CPU
		{B60E305E-F474-43CA-A2BF-298E586C29C5}.Debug|Any CPU.ActiveCfg = Debug|Any CPU
		{B60E305E-F474-43CA-A2BF-298E586C29C5}.Debug|Any CPU.Build.0 = Debug|Any CPU
		{B60E305E-F474-43CA-A2BF-298E586C29C5}.Release|Any CPU.ActiveCfg = Release|Any CPU
		{B60E305E-F474-43CA-A2BF-298E586C29C5}.Release|Any CPU.Build.0 = Release|Any CPU
		{9609C908-7428-4345-B0B6-4BC7A09D1D34}.Debug|Any CPU.ActiveCfg = Debug|Any CPU
		{9609C908-7428-4345-B0B6-4BC7A09D1D34}.Debug|Any CPU.Build.0 = Debug|Any CPU
		{9609C908-7428-4345-B0B6-4BC7A09D1D34}.Release|Any CPU.ActiveCfg = Release|Any CPU
		{9609C908-7428-4345-B0B6-4BC7A09D1D34}.Release|Any CPU.Build.0 = Release|Any CPU
		{3B3683FA-8DC0-4ADB-BEF4-B752070E84F2}.Debug|Any CPU.ActiveCfg = Debug|Any CPU
		{3B3683FA-8DC0-4ADB-BEF4-B752070E84F2}.Debug|Any CPU.Build.0 = Debug|Any CPU
		{3B3683FA-8DC0-4ADB-BEF4-B752070E84F2}.Release|Any CPU.ActiveCfg = Release|Any CPU
		{3B3683FA-8DC0-4ADB-BEF4-B752070E84F2}.Release|Any CPU.Build.0 = Release|Any CPU
		{97724670-7A7C-470F-BDA4-EAA9DCC7AB71}.Debug|Any CPU.ActiveCfg = Debug|Any CPU
		{97724670-7A7C-470F-BDA4-EAA9DCC7AB71}.Debug|Any CPU.Build.0 = Debug|Any CPU
		{97724670-7A7C-470F-BDA4-EAA9DCC7AB71}.Release|Any CPU.ActiveCfg = Release|Any CPU
		{97724670-7A7C-470F-BDA4-EAA9DCC7AB71}.Release|Any CPU.Build.0 = Release|Any CPU
		{0735217E-5A68-424F-864F-301588A9CC5F}.Debug|Any CPU.ActiveCfg = Debug|Any CPU
		{0735217E-5A68-424F-864F-301588A9CC5F}.Debug|Any CPU.Build.0 = Debug|Any CPU
		{0735217E-5A68-424F-864F-301588A9CC5F}.Release|Any CPU.ActiveCfg = Release|Any CPU
		{0735217E-5A68-424F-864F-301588A9CC5F}.Release|Any CPU.Build.0 = Release|Any CPU
		{34F1E231-CC1D-497B-B853-30AC8681E958}.Debug|Any CPU.ActiveCfg = Debug|Any CPU
		{34F1E231-CC1D-497B-B853-30AC8681E958}.Debug|Any CPU.Build.0 = Debug|Any CPU
		{34F1E231-CC1D-497B-B853-30AC8681E958}.Release|Any CPU.ActiveCfg = Release|Any CPU
		{34F1E231-CC1D-497B-B853-30AC8681E958}.Release|Any CPU.Build.0 = Release|Any CPU
		{A9188CF1-1E48-4EA5-875E-11C312A1E16B}.Debug|Any CPU.ActiveCfg = Debug|Any CPU
		{A9188CF1-1E48-4EA5-875E-11C312A1E16B}.Debug|Any CPU.Build.0 = Debug|Any CPU
		{A9188CF1-1E48-4EA5-875E-11C312A1E16B}.Release|Any CPU.ActiveCfg = Release|Any CPU
		{A9188CF1-1E48-4EA5-875E-11C312A1E16B}.Release|Any CPU.Build.0 = Release|Any CPU
		{5D3AD14B-E853-4FE9-91EB-59971190C378}.Debug|Any CPU.ActiveCfg = Debug|Any CPU
		{5D3AD14B-E853-4FE9-91EB-59971190C378}.Debug|Any CPU.Build.0 = Debug|Any CPU
		{5D3AD14B-E853-4FE9-91EB-59971190C378}.Release|Any CPU.ActiveCfg = Release|Any CPU
		{5D3AD14B-E853-4FE9-91EB-59971190C378}.Release|Any CPU.Build.0 = Release|Any CPU
		{7CB71051-03E5-41C0-98A1-9F7384F58D2E}.Debug|Any CPU.ActiveCfg = Debug|Any CPU
		{7CB71051-03E5-41C0-98A1-9F7384F58D2E}.Debug|Any CPU.Build.0 = Debug|Any CPU
		{7CB71051-03E5-41C0-98A1-9F7384F58D2E}.Release|Any CPU.ActiveCfg = Release|Any CPU
		{7CB71051-03E5-41C0-98A1-9F7384F58D2E}.Release|Any CPU.Build.0 = Release|Any CPU
		{9B4532D1-5439-4772-8764-85F34F97F41A}.Debug|Any CPU.ActiveCfg = Debug|Any CPU
		{9B4532D1-5439-4772-8764-85F34F97F41A}.Debug|Any CPU.Build.0 = Debug|Any CPU
		{9B4532D1-5439-4772-8764-85F34F97F41A}.Release|Any CPU.ActiveCfg = Release|Any CPU
		{9B4532D1-5439-4772-8764-85F34F97F41A}.Release|Any CPU.Build.0 = Release|Any CPU
		{3D7E1EE7-22A5-4D9D-9F07-4193588098EA}.Debug|Any CPU.ActiveCfg = Debug|Any CPU
		{3D7E1EE7-22A5-4D9D-9F07-4193588098EA}.Debug|Any CPU.Build.0 = Debug|Any CPU
		{3D7E1EE7-22A5-4D9D-9F07-4193588098EA}.Release|Any CPU.ActiveCfg = Release|Any CPU
		{3D7E1EE7-22A5-4D9D-9F07-4193588098EA}.Release|Any CPU.Build.0 = Release|Any CPU
		{8A6D93B3-7405-432D-8C2E-5EC0D77F567C}.Debug|Any CPU.ActiveCfg = Debug|Any CPU
		{8A6D93B3-7405-432D-8C2E-5EC0D77F567C}.Debug|Any CPU.Build.0 = Debug|Any CPU
		{8A6D93B3-7405-432D-8C2E-5EC0D77F567C}.Release|Any CPU.ActiveCfg = Release|Any CPU
		{8A6D93B3-7405-432D-8C2E-5EC0D77F567C}.Release|Any CPU.Build.0 = Release|Any CPU
		{3E02241E-0D4E-49F3-98FC-1434C620CD7A}.Debug|Any CPU.ActiveCfg = Debug|Any CPU
		{3E02241E-0D4E-49F3-98FC-1434C620CD7A}.Debug|Any CPU.Build.0 = Debug|Any CPU
		{3E02241E-0D4E-49F3-98FC-1434C620CD7A}.Release|Any CPU.ActiveCfg = Release|Any CPU
		{3E02241E-0D4E-49F3-98FC-1434C620CD7A}.Release|Any CPU.Build.0 = Release|Any CPU
		{66673125-41A3-4E24-BA1C-836A31610654}.Debug|Any CPU.ActiveCfg = Debug|Any CPU
		{66673125-41A3-4E24-BA1C-836A31610654}.Debug|Any CPU.Build.0 = Debug|Any CPU
		{66673125-41A3-4E24-BA1C-836A31610654}.Release|Any CPU.ActiveCfg = Release|Any CPU
		{66673125-41A3-4E24-BA1C-836A31610654}.Release|Any CPU.Build.0 = Release|Any CPU
		{EE7C1170-FE89-4636-A4D1-F2162EE8DDA7}.Debug|Any CPU.ActiveCfg = Debug|Any CPU
		{EE7C1170-FE89-4636-A4D1-F2162EE8DDA7}.Debug|Any CPU.Build.0 = Debug|Any CPU
		{EE7C1170-FE89-4636-A4D1-F2162EE8DDA7}.Release|Any CPU.ActiveCfg = Release|Any CPU
		{EE7C1170-FE89-4636-A4D1-F2162EE8DDA7}.Release|Any CPU.Build.0 = Release|Any CPU
		{519C5774-CBCE-47A9-834E-C453331C482A}.Debug|Any CPU.ActiveCfg = Debug|Any CPU
		{519C5774-CBCE-47A9-834E-C453331C482A}.Debug|Any CPU.Build.0 = Debug|Any CPU
		{519C5774-CBCE-47A9-834E-C453331C482A}.Release|Any CPU.ActiveCfg = Release|Any CPU
		{519C5774-CBCE-47A9-834E-C453331C482A}.Release|Any CPU.Build.0 = Release|Any CPU
		{22B4159E-227F-4FFE-B5ED-8132D54D5C49}.Debug|Any CPU.ActiveCfg = Debug|Any CPU
		{22B4159E-227F-4FFE-B5ED-8132D54D5C49}.Debug|Any CPU.Build.0 = Debug|Any CPU
		{22B4159E-227F-4FFE-B5ED-8132D54D5C49}.Release|Any CPU.ActiveCfg = Release|Any CPU
		{22B4159E-227F-4FFE-B5ED-8132D54D5C49}.Release|Any CPU.Build.0 = Release|Any CPU
	EndGlobalSection
	GlobalSection(SolutionProperties) = preSolution
		HideSolutionNode = FALSE
	EndGlobalSection
	GlobalSection(ExtensibilityGlobals) = postSolution
		SolutionGuid = {809B33CA-222D-46EB-ABA6-AFDBD4A05D9F}
	EndGlobalSection
EndGlobal
